<?xml version="1.0" encoding="UTF-8"?>
<Scheme
   LastUpgradeVersion = "1500"
   version = "1.3">
   <BuildAction
      parallelizeBuildables = "YES"
      buildImplicitDependencies = "YES">
      <PreActions>
         <ExecutionAction
            ActionType = "Xcode.IDEStandardExecutionActionsCore.ExecutionActionType.ShellScriptAction">
            <ActionContent
               title = "Version Info Script"
               scriptText = "cd $WORKSPACE_PATH/../..&#10;../scripts/versioning.sh&#10;">
            </ActionContent>
         </ExecutionAction>
         <ExecutionAction
            ActionType = "Xcode.IDEStandardExecutionActionsCore.ExecutionActionType.ShellScriptAction">
            <ActionContent
               title = "Settings.bundle Script"
               scriptText = "TARGET_BUNDLE=$WORKSPACE_PATH/../../App/Settings.bundle&#10;OUTPUT_DIR=$WORKSPACE_PATH/../../build&#10;mkdir -p $OUTPUT_DIR&#10;find &quot;$TARGET_BUNDLE&quot; -iname &apos;*.plist&apos; -type f \&#10;&#9;| rev | cut -d &quot;/&quot; -f1-3 | rev \&#10;&#9;| xargs -L 1 -I {} echo &apos;$(SRCROOT)/{}&apos; \&#10;&#9;&gt; &quot;$OUTPUT_DIR/SettingsBundlePlists_INPUT.xcfilelist&quot;&#10;find &quot;$TARGET_BUNDLE&quot; -iname &apos;*.plist&apos; -type f \&#10;&#9;| rev | cut -d &quot;/&quot; -f1-2 | rev \&#10;&#9;| xargs -L 1 -I {} echo &apos;$(SRCROOT)/build/{}&apos; \&#10;&#9;&gt; &quot;$OUTPUT_DIR/SettingsBundlePlists_OUTPUT.xcfilelist&quot;&#10;find &quot;$TARGET_BUNDLE&quot; -iname &apos;*.strings&apos; -type f \&#10;&#9;| rev | cut -d &quot;/&quot; -f1-4 | rev \&#10;&#9;| xargs -L 1 -I {} echo &apos;$(SRCROOT)/{}&apos; \&#10;&#9;&gt; &quot;$OUTPUT_DIR/SettingsBundleStrings_INPUT.xcfilelist&quot;&#10;find &quot;$TARGET_BUNDLE&quot; -iname &apos;*.strings&apos; -type f \&#10;&#9;| rev | cut -d &quot;/&quot; -f1-3 | rev \&#10;&#9;| xargs -L 1 -I {} echo &apos;$(SRCROOT)/build/{}&apos; \&#10;&#9;&gt; &quot;$OUTPUT_DIR/SettingsBundleStrings_OUTPUT.xcfilelist&quot;&#10;">
            </ActionContent>
         </ExecutionAction>
      </PreActions>
      <BuildActionEntries>
         <BuildActionEntry
            buildForTesting = "YES"
            buildForRunning = "YES"
            buildForProfiling = "YES"
            buildForArchiving = "YES"
            buildForAnalyzing = "YES">
            <BuildableReference
               BuildableIdentifier = "primary"
               BlueprintIdentifier = "EBF928262B1038C9007D59D4"
               BuildableName = "MonsterAnalyzer.app"
               BlueprintName = "MonsterAnalyzer"
               ReferencedContainer = "container:MonsterAnalyzer.xcodeproj">
            </BuildableReference>
         </BuildActionEntry>
      </BuildActionEntries>
   </BuildAction>
   <TestAction
      buildConfiguration = "Debug"
      selectedDebuggerIdentifier = "Xcode.DebuggerFoundation.Debugger.LLDB"
      selectedLauncherIdentifier = "Xcode.DebuggerFoundation.Launcher.LLDB"
      shouldUseLaunchSchemeArgsEnv = "YES">
      <Testables>
         <TestableReference
            skipped = "NO"
            parallelizable = "YES">
            <BuildableReference
               BuildableIdentifier = "primary"
               BlueprintIdentifier = "EBEA6F2D2B1858FB00734AAA"
               BuildableName = "MonsterAnalyzerCoreTests.xctest"
               BlueprintName = "MonsterAnalyzerCoreTests"
               ReferencedContainer = "container:MonsterAnalyzer.xcodeproj">
            </BuildableReference>
         </TestableReference>
      </Testables>
   </TestAction>
   <LaunchAction
      buildConfiguration = "Debug"
      selectedDebuggerIdentifier = "Xcode.DebuggerFoundation.Debugger.LLDB"
      selectedLauncherIdentifier = "Xcode.DebuggerFoundation.Launcher.LLDB"
      launchStyle = "0"
      useCustomWorkingDirectory = "NO"
      ignoresPersistentStateOnLaunch = "NO"
      debugDocumentVersioning = "YES"
      debugServiceExtension = "internal"
      enableGPUValidationMode = "1"
      allowLocationSimulation = "YES">
      <BuildableProductRunnable
         runnableDebuggingMode = "0">
         <BuildableReference
            BuildableIdentifier = "primary"
            BlueprintIdentifier = "EBF928262B1038C9007D59D4"
            BuildableName = "MonsterAnalyzer.app"
            BlueprintName = "MonsterAnalyzer"
            ReferencedContainer = "container:MonsterAnalyzer.xcodeproj">
         </BuildableReference>
      </BuildableProductRunnable>
      <CommandLineArguments>
         <CommandLineArgument
            argument = "-com.apple.CoreData.CloudKitDebug 0"
            isEnabled = "YES">
         </CommandLineArgument>
         <CommandLineArgument
            argument = "-com.apple.CoreData.ConcurrencyDebug 1"
            isEnabled = "YES">
         </CommandLineArgument>
         <CommandLineArgument
            argument = "-com.apple.CoreData.Logging.stderr 0"
            isEnabled = "YES">
         </CommandLineArgument>
      </CommandLineArguments>
   </LaunchAction>
   <ProfileAction
      buildConfiguration = "Release"
      shouldUseLaunchSchemeArgsEnv = "YES"
      savedToolIdentifier = ""
      useCustomWorkingDirectory = "NO"
      debugDocumentVersioning = "YES">
      <BuildableProductRunnable
         runnableDebuggingMode = "0">
         <BuildableReference
            BuildableIdentifier = "primary"
            BlueprintIdentifier = "EBF928262B1038C9007D59D4"
            BuildableName = "MonsterAnalyzer.app"
            BlueprintName = "MonsterAnalyzer"
            ReferencedContainer = "container:MonsterAnalyzer.xcodeproj">
         </BuildableReference>
      </BuildableProductRunnable>
   </ProfileAction>
   <AnalyzeAction
      buildConfiguration = "Debug">
   </AnalyzeAction>
   <ArchiveAction
      buildConfiguration = "Release"
      revealArchiveInOrganizer = "YES">
   </ArchiveAction>
</Scheme>
